
Microsoft Visual Studio Solution File, Format Version 12.00
# Visual Studio Version 17
VisualStudioVersion = 17.8.34330.188
MinimumVisualStudioVersion = 10.0.40219.1
Project("{9A19103F-16F7-4668-BE54-9A1E7A4F7556}") = "Collector_AWS", "Collector_AWS\Collector_AWS.csproj", "{68D865BC-261F-43C3-AEEB-4B33FB89A258}"
EndProject
Global
	GlobalSection(SolutionConfigurationPlatforms) = preSolution
		Debug|Any CPU = Debug|Any CPU
		Release|Any CPU = Release|Any CPU
	EndGlobalSection
	GlobalSection(ProjectConfigurationPlatforms) = postSolution
		{68D865BC-261F-43C3-AEEB-4B33FB89A258}.Debug|Any CPU.ActiveCfg = Debug|Any CPU
		{68D865BC-261F-43C3-AEEB-4B33FB89A258}.Debug|Any CPU.Build.0 = Debug|Any CPU
		{68D865BC-261F-43C3-AEEB-4B33FB89A258}.Release|Any CPU.ActiveCfg = Release|Any CPU
		{68D865BC-261F-43C3-AEEB-4B33FB89A258}.Release|Any CPU.Build.0 = Release|Any CPU
	EndGlobalSection
	GlobalSection(SolutionProperties) = preSolution
		HideSolutionNode = FALSE
	EndGlobalSection
	GlobalSection(ExtensibilityGlobals) = postSolution
		SolutionGuid = {B39F2275-0B7B-4E11-8602-3DDF6ABF5F64}
	EndGlobalSection
EndGlobal
